
Microsoft Visual Studio Solution File, Format Version 12.00
# Visual Studio 14
VisualStudioVersion = 14.0.23107.0
MinimumVisualStudioVersion = 10.0.40219.1
Project("{FAE04EC0-301F-11D3-BF4B-00C04F79EFBC}") = "SDC.web", "SDC.web\SDC.web.csproj", "{AE435762-200D-4114-85D9-48BCF76800AD}"
EndProject
Project("{FAE04EC0-301F-11D3-BF4B-00C04F79EFBC}") = "SDC.Library", "SDC.Library\SDC.Library.csproj", "{54BB2F49-FC1A-4226-A45D-94426DAAA5BE}"
EndProject
Global
	GlobalSection(SolutionConfigurationPlatforms) = preSolution
		Debug|Any CPU = Debug|Any CPU
		Release|Any CPU = Release|Any CPU
	EndGlobalSection
	GlobalSection(ProjectConfigurationPlatforms) = postSolution
		{AE435762-200D-4114-85D9-48BCF76800AD}.Debug|Any CPU.ActiveCfg = Debug|Any CPU
		{AE435762-200D-4114-85D9-48BCF76800AD}.Debug|Any CPU.Build.0 = Debug|Any CPU
		{AE435762-200D-4114-85D9-48BCF76800AD}.Release|Any CPU.ActiveCfg = Release|Any CPU
		{AE435762-200D-4114-85D9-48BCF76800AD}.Release|Any CPU.Build.0 = Release|Any CPU
		{54BB2F49-FC1A-4226-A45D-94426DAAA5BE}.Debug|Any CPU.ActiveCfg = Debug|Any CPU
		{54BB2F49-FC1A-4226-A45D-94426DAAA5BE}.Debug|Any CPU.Build.0 = Debug|Any CPU
		{54BB2F49-FC1A-4226-A45D-94426DAAA5BE}.Release|Any CPU.ActiveCfg = Release|Any CPU
		{54BB2F49-FC1A-4226-A45D-94426DAAA5BE}.Release|Any CPU.Build.0 = Release|Any CPU
	EndGlobalSection
	GlobalSection(SolutionProperties) = preSolution
		HideSolutionNode = FALSE
	EndGlobalSection
EndGlobal
