
Microsoft Visual Studio Solution File, Format Version 12.00
# Visual Studio 14
VisualStudioVersion = 14.0.23107.0
MinimumVisualStudioVersion = 10.0.40219.1
Project("{FAE04EC0-301F-11D3-BF4B-00C04F79EFBC}") = "SDC.web", "SDC.web\SDC.web.csproj", "{AE435762-200D-4114-85D9-48BCF76800AD}"
EndProject
Project("{FAE04EC0-301F-11D3-BF4B-00C04F79EFBC}") = "SDC.Library", "SDC.Library\SDC.Library.csproj", "{54BB2F49-FC1A-4226-A45D-94426DAAA5BE}"
EndProject
Project("{FAE04EC0-301F-11D3-BF4B-00C04F79EFBC}") = "SDC.Tests", "SDC.Tests\SDC.Tests.csproj", "{AECF442A-B756-49A5-995F-0A67C037DB0D}"
EndProject
Project("{2150E333-8FDC-42A3-9474-1A3956D46DE8}") = "etc", "etc", "{89BA8EB6-F6B6-4E6A-8620-8543E06225AF}"
	ProjectSection(SolutionItems) = preProject
		etc\clear_iis_express.ps1 = etc\clear_iis_express.ps1
		etc\membership.sql = etc\membership.sql
	EndProjectSection
EndProject
Project("{FAE04EC0-301F-11D3-BF4B-00C04F79EFBC}") = "SDC.data", "SDC.data\SDC.data.csproj", "{51F255CD-EEEE-429C-BB7E-7DAAEF28D5D0}"
EndProject
Global
	GlobalSection(SolutionConfigurationPlatforms) = preSolution
		Debug|Any CPU = Debug|Any CPU
		Release|Any CPU = Release|Any CPU
	EndGlobalSection
	GlobalSection(ProjectConfigurationPlatforms) = postSolution
		{AE435762-200D-4114-85D9-48BCF76800AD}.Debug|Any CPU.ActiveCfg = Debug|Any CPU
		{AE435762-200D-4114-85D9-48BCF76800AD}.Debug|Any CPU.Build.0 = Debug|Any CPU
		{AE435762-200D-4114-85D9-48BCF76800AD}.Release|Any CPU.ActiveCfg = Release|Any CPU
		{AE435762-200D-4114-85D9-48BCF76800AD}.Release|Any CPU.Build.0 = Release|Any CPU
		{54BB2F49-FC1A-4226-A45D-94426DAAA5BE}.Debug|Any CPU.ActiveCfg = Debug|Any CPU
		{54BB2F49-FC1A-4226-A45D-94426DAAA5BE}.Debug|Any CPU.Build.0 = Debug|Any CPU
		{54BB2F49-FC1A-4226-A45D-94426DAAA5BE}.Release|Any CPU.ActiveCfg = Release|Any CPU
		{54BB2F49-FC1A-4226-A45D-94426DAAA5BE}.Release|Any CPU.Build.0 = Release|Any CPU
		{AECF442A-B756-49A5-995F-0A67C037DB0D}.Debug|Any CPU.ActiveCfg = Debug|Any CPU
		{AECF442A-B756-49A5-995F-0A67C037DB0D}.Debug|Any CPU.Build.0 = Debug|Any CPU
		{AECF442A-B756-49A5-995F-0A67C037DB0D}.Release|Any CPU.ActiveCfg = Release|Any CPU
		{AECF442A-B756-49A5-995F-0A67C037DB0D}.Release|Any CPU.Build.0 = Release|Any CPU
		{51F255CD-EEEE-429C-BB7E-7DAAEF28D5D0}.Debug|Any CPU.ActiveCfg = Debug|Any CPU
		{51F255CD-EEEE-429C-BB7E-7DAAEF28D5D0}.Debug|Any CPU.Build.0 = Debug|Any CPU
		{51F255CD-EEEE-429C-BB7E-7DAAEF28D5D0}.Release|Any CPU.ActiveCfg = Release|Any CPU
		{51F255CD-EEEE-429C-BB7E-7DAAEF28D5D0}.Release|Any CPU.Build.0 = Release|Any CPU
	EndGlobalSection
	GlobalSection(SolutionProperties) = preSolution
		HideSolutionNode = FALSE
	EndGlobalSection
EndGlobal
